
Microsoft Visual Studio Solution File, Format Version 12.00
Project("{FAE04EC0-301F-11D3-BF4B-00C04F79EFBC}") = "AutoDoc-Front-End", "AutoDoc-Front-End\AutoDoc-Front-End.csproj", "{97B58064-E11B-4734-98AF-8D0B6196AFF3}"
EndProject
Global
	GlobalSection(SolutionConfigurationPlatforms) = preSolution
		Debug|Any CPU = Debug|Any CPU
		Release|Any CPU = Release|Any CPU
	EndGlobalSection
	GlobalSection(ProjectConfigurationPlatforms) = postSolution
		{97B58064-E11B-4734-98AF-8D0B6196AFF3}.Debug|Any CPU.ActiveCfg = Debug|Any CPU
		{97B58064-E11B-4734-98AF-8D0B6196AFF3}.Debug|Any CPU.Build.0 = Debug|Any CPU
		{97B58064-E11B-4734-98AF-8D0B6196AFF3}.Release|Any CPU.ActiveCfg = Release|Any CPU
		{97B58064-E11B-4734-98AF-8D0B6196AFF3}.Release|Any CPU.Build.0 = Release|Any CPU
	EndGlobalSection
EndGlobal
